
Microsoft Visual Studio Solution File, Format Version 12.00
# Visual Studio Version 17
VisualStudioVersion = 17.0.31903.59
MinimumVisualStudioVersion = 10.0.40219.1
Project("{2150E333-8FDC-42A3-9474-1A3956D46DE8}") = "TasteTrailOwnerExperience", "TasteTrailOwnerExperience", "{987C25E0-998C-4346-8F85-8C0DA7F76DEA}"
EndProject
Project("{2150E333-8FDC-42A3-9474-1A3956D46DE8}") = "src", "src", "{0A5062FE-8174-43F2-B369-F8124C2FC717}"
EndProject
Project("{FAE04EC0-301F-11D3-BF4B-00C04F79EFBC}") = "TasteTrailOwnerExperience.Api", "TasteTrailOwnerExperience\src\TasteTrailOwnerExperience.Api\TasteTrailOwnerExperience.Api.csproj", "{63C66230-B8F1-4C83-A5BC-211FBE1A0437}"
EndProject
Project("{FAE04EC0-301F-11D3-BF4B-00C04F79EFBC}") = "TasteTrailOwnerExperience.Core", "TasteTrailOwnerExperience\src\TasteTrailOwnerExperience.Core\TasteTrailOwnerExperience.Core.csproj", "{308E995B-3AA3-4062-906B-C489ABB9993C}"
EndProject
Project("{FAE04EC0-301F-11D3-BF4B-00C04F79EFBC}") = "TasteTrailOwnerExperience.Infrastructure", "TasteTrailOwnerExperience\src\TasteTrailOwnerExperience.Infrastructure\TasteTrailOwnerExperience.Infrastructure.csproj", "{F738E929-8B41-4BD4-9D18-78D8A8AB7E86}"
EndProject
Project("{2150E333-8FDC-42A3-9474-1A3956D46DE8}") = "test", "test", "{98560E67-667A-464E-B635-814F63230E74}"
EndProject
Project("{FAE04EC0-301F-11D3-BF4B-00C04F79EFBC}") = "UnitTests", "TasteTrailOwnerExperience\test\UnitTests\UnitTests.csproj", "{9F7F7817-B9A6-4827-B06D-6127A30CBD0D}"
EndProject
Global
	GlobalSection(SolutionConfigurationPlatforms) = preSolution
		Debug|Any CPU = Debug|Any CPU
		Release|Any CPU = Release|Any CPU
	EndGlobalSection
	GlobalSection(SolutionProperties) = preSolution
		HideSolutionNode = FALSE
	EndGlobalSection
	GlobalSection(ProjectConfigurationPlatforms) = postSolution
		{63C66230-B8F1-4C83-A5BC-211FBE1A0437}.Debug|Any CPU.ActiveCfg = Debug|Any CPU
		{63C66230-B8F1-4C83-A5BC-211FBE1A0437}.Debug|Any CPU.Build.0 = Debug|Any CPU
		{63C66230-B8F1-4C83-A5BC-211FBE1A0437}.Release|Any CPU.ActiveCfg = Release|Any CPU
		{63C66230-B8F1-4C83-A5BC-211FBE1A0437}.Release|Any CPU.Build.0 = Release|Any CPU
		{308E995B-3AA3-4062-906B-C489ABB9993C}.Debug|Any CPU.ActiveCfg = Debug|Any CPU
		{308E995B-3AA3-4062-906B-C489ABB9993C}.Debug|Any CPU.Build.0 = Debug|Any CPU
		{308E995B-3AA3-4062-906B-C489ABB9993C}.Release|Any CPU.ActiveCfg = Release|Any CPU
		{308E995B-3AA3-4062-906B-C489ABB9993C}.Release|Any CPU.Build.0 = Release|Any CPU
		{F738E929-8B41-4BD4-9D18-78D8A8AB7E86}.Debug|Any CPU.ActiveCfg = Debug|Any CPU
		{F738E929-8B41-4BD4-9D18-78D8A8AB7E86}.Debug|Any CPU.Build.0 = Debug|Any CPU
		{F738E929-8B41-4BD4-9D18-78D8A8AB7E86}.Release|Any CPU.ActiveCfg = Release|Any CPU
		{F738E929-8B41-4BD4-9D18-78D8A8AB7E86}.Release|Any CPU.Build.0 = Release|Any CPU
		{9F7F7817-B9A6-4827-B06D-6127A30CBD0D}.Debug|Any CPU.ActiveCfg = Debug|Any CPU
		{9F7F7817-B9A6-4827-B06D-6127A30CBD0D}.Debug|Any CPU.Build.0 = Debug|Any CPU
		{9F7F7817-B9A6-4827-B06D-6127A30CBD0D}.Release|Any CPU.ActiveCfg = Release|Any CPU
		{9F7F7817-B9A6-4827-B06D-6127A30CBD0D}.Release|Any CPU.Build.0 = Release|Any CPU
	EndGlobalSection
	GlobalSection(NestedProjects) = preSolution
		{0A5062FE-8174-43F2-B369-F8124C2FC717} = {987C25E0-998C-4346-8F85-8C0DA7F76DEA}
		{63C66230-B8F1-4C83-A5BC-211FBE1A0437} = {0A5062FE-8174-43F2-B369-F8124C2FC717}
		{308E995B-3AA3-4062-906B-C489ABB9993C} = {0A5062FE-8174-43F2-B369-F8124C2FC717}
		{F738E929-8B41-4BD4-9D18-78D8A8AB7E86} = {0A5062FE-8174-43F2-B369-F8124C2FC717}
		{98560E67-667A-464E-B635-814F63230E74} = {987C25E0-998C-4346-8F85-8C0DA7F76DEA}
		{9F7F7817-B9A6-4827-B06D-6127A30CBD0D} = {98560E67-667A-464E-B635-814F63230E74}
	EndGlobalSection
EndGlobal
