
Microsoft Visual Studio Solution File, Format Version 12.00
# Visual Studio Version 17
VisualStudioVersion = 17.5.002.0
MinimumVisualStudioVersion = 10.0.40219.1
Project("{9A19103F-16F7-4668-BE54-9A1E7A4F7556}") = "TasteTrailOwnerExperience.Api", "TasteTrailOwnerExperience.Api\TasteTrailOwnerExperience.Api.csproj", "{22C77722-E1E6-45A2-9554-8C1FA1EEB7F7}"
EndProject
Project("{9A19103F-16F7-4668-BE54-9A1E7A4F7556}") = "TasteTrailOwnerExperience.Core", "TasteTrailOwnerExperience.Core\TasteTrailOwnerExperience.Core.csproj", "{09BFA491-801B-44CB-AA53-22FAFEEBDAE8}"
EndProject
Project("{9A19103F-16F7-4668-BE54-9A1E7A4F7556}") = "TasteTrailOwnerExperience.Infrastructure", "TasteTrailOwnerExperience.Infrastructure\TasteTrailOwnerExperience.Infrastructure.csproj", "{9B449ED9-5F9F-42D0-BDA6-2CD931DC77ED}"
EndProject
Global
	GlobalSection(SolutionConfigurationPlatforms) = preSolution
		Debug|Any CPU = Debug|Any CPU
		Release|Any CPU = Release|Any CPU
	EndGlobalSection
	GlobalSection(ProjectConfigurationPlatforms) = postSolution
		{22C77722-E1E6-45A2-9554-8C1FA1EEB7F7}.Debug|Any CPU.ActiveCfg = Debug|Any CPU
		{22C77722-E1E6-45A2-9554-8C1FA1EEB7F7}.Debug|Any CPU.Build.0 = Debug|Any CPU
		{22C77722-E1E6-45A2-9554-8C1FA1EEB7F7}.Release|Any CPU.ActiveCfg = Release|Any CPU
		{22C77722-E1E6-45A2-9554-8C1FA1EEB7F7}.Release|Any CPU.Build.0 = Release|Any CPU
		{09BFA491-801B-44CB-AA53-22FAFEEBDAE8}.Debug|Any CPU.ActiveCfg = Debug|Any CPU
		{09BFA491-801B-44CB-AA53-22FAFEEBDAE8}.Debug|Any CPU.Build.0 = Debug|Any CPU
		{09BFA491-801B-44CB-AA53-22FAFEEBDAE8}.Release|Any CPU.ActiveCfg = Release|Any CPU
		{09BFA491-801B-44CB-AA53-22FAFEEBDAE8}.Release|Any CPU.Build.0 = Release|Any CPU
		{9B449ED9-5F9F-42D0-BDA6-2CD931DC77ED}.Debug|Any CPU.ActiveCfg = Debug|Any CPU
		{9B449ED9-5F9F-42D0-BDA6-2CD931DC77ED}.Debug|Any CPU.Build.0 = Debug|Any CPU
		{9B449ED9-5F9F-42D0-BDA6-2CD931DC77ED}.Release|Any CPU.ActiveCfg = Release|Any CPU
		{9B449ED9-5F9F-42D0-BDA6-2CD931DC77ED}.Release|Any CPU.Build.0 = Release|Any CPU
	EndGlobalSection
	GlobalSection(SolutionProperties) = preSolution
		HideSolutionNode = FALSE
	EndGlobalSection
	GlobalSection(ExtensibilityGlobals) = postSolution
		SolutionGuid = {7B72E1F8-4465-48E4-84DC-636FB710B491}
	EndGlobalSection
EndGlobal
