
Microsoft Visual Studio Solution File, Format Version 12.00
# Visual Studio Version 17
VisualStudioVersion = 17.0.31903.59
MinimumVisualStudioVersion = 10.0.40219.1
Project("{FAE04EC0-301F-11D3-BF4B-00C04F79EFBC}") = "TasteTrailOwnerExperience.Api", "TasteTrailOwnerExperience.Api\TasteTrailOwnerExperience.Api.csproj", "{8D2219B2-C058-4FCD-A65F-A6EEC7E1AB83}"
EndProject
Project("{FAE04EC0-301F-11D3-BF4B-00C04F79EFBC}") = "TasteTrailOwnerExperience.Core", "TasteTrailOwnerExperience.Core\TasteTrailOwnerExperience.Core.csproj", "{69A13557-17B7-43DA-8393-8C5EEBF1BF03}"
EndProject
Project("{FAE04EC0-301F-11D3-BF4B-00C04F79EFBC}") = "TasteTrailOwnerExperience.Infrastructure", "TasteTrailOwnerExperience.Infrastructure\TasteTrailOwnerExperience.Infrastructure.csproj", "{44F1AB43-FBF4-4C33-8503-DEA5DAD70E21}"
EndProject
Global
	GlobalSection(SolutionConfigurationPlatforms) = preSolution
		Debug|Any CPU = Debug|Any CPU
		Release|Any CPU = Release|Any CPU
	EndGlobalSection
	GlobalSection(SolutionProperties) = preSolution
		HideSolutionNode = FALSE
	EndGlobalSection
	GlobalSection(ProjectConfigurationPlatforms) = postSolution
		{8D2219B2-C058-4FCD-A65F-A6EEC7E1AB83}.Debug|Any CPU.ActiveCfg = Debug|Any CPU
		{8D2219B2-C058-4FCD-A65F-A6EEC7E1AB83}.Debug|Any CPU.Build.0 = Debug|Any CPU
		{8D2219B2-C058-4FCD-A65F-A6EEC7E1AB83}.Release|Any CPU.ActiveCfg = Release|Any CPU
		{8D2219B2-C058-4FCD-A65F-A6EEC7E1AB83}.Release|Any CPU.Build.0 = Release|Any CPU
		{69A13557-17B7-43DA-8393-8C5EEBF1BF03}.Debug|Any CPU.ActiveCfg = Debug|Any CPU
		{69A13557-17B7-43DA-8393-8C5EEBF1BF03}.Debug|Any CPU.Build.0 = Debug|Any CPU
		{69A13557-17B7-43DA-8393-8C5EEBF1BF03}.Release|Any CPU.ActiveCfg = Release|Any CPU
		{69A13557-17B7-43DA-8393-8C5EEBF1BF03}.Release|Any CPU.Build.0 = Release|Any CPU
		{44F1AB43-FBF4-4C33-8503-DEA5DAD70E21}.Debug|Any CPU.ActiveCfg = Debug|Any CPU
		{44F1AB43-FBF4-4C33-8503-DEA5DAD70E21}.Debug|Any CPU.Build.0 = Debug|Any CPU
		{44F1AB43-FBF4-4C33-8503-DEA5DAD70E21}.Release|Any CPU.ActiveCfg = Release|Any CPU
		{44F1AB43-FBF4-4C33-8503-DEA5DAD70E21}.Release|Any CPU.Build.0 = Release|Any CPU
	EndGlobalSection
EndGlobal
